
Microsoft Visual Studio Solution File, Format Version 12.00
# Visual Studio 15
VisualStudioVersion = 15.0.27703.2042
MinimumVisualStudioVersion = 10.0.40219.1
Project("{FAE04EC0-301F-11D3-BF4B-00C04F79EFBC}") = "AppEvaWebSrv", "AppEvaWebSrv\AppEvaWebSrv.csproj", "{62756342-171B-4D2D-8DB2-17E34E3680AF}"
EndProject
Global
	GlobalSection(SolutionConfigurationPlatforms) = preSolution
		Debug|Any CPU = Debug|Any CPU
		Release|Any CPU = Release|Any CPU
	EndGlobalSection
	GlobalSection(ProjectConfigurationPlatforms) = postSolution
		{62756342-171B-4D2D-8DB2-17E34E3680AF}.Debug|Any CPU.ActiveCfg = Debug|Any CPU
		{62756342-171B-4D2D-8DB2-17E34E3680AF}.Debug|Any CPU.Build.0 = Debug|Any CPU
		{62756342-171B-4D2D-8DB2-17E34E3680AF}.Release|Any CPU.ActiveCfg = Release|Any CPU
		{62756342-171B-4D2D-8DB2-17E34E3680AF}.Release|Any CPU.Build.0 = Release|Any CPU
	EndGlobalSection
	GlobalSection(SolutionProperties) = preSolution
		HideSolutionNode = FALSE
	EndGlobalSection
	GlobalSection(ExtensibilityGlobals) = postSolution
		SolutionGuid = {40227687-6497-4F70-AB6E-F3B18B1CD873}
	EndGlobalSection
EndGlobal
